
Microsoft Visual Studio Solution File, Format Version 12.00
# Visual Studio Version 16
VisualStudioVersion = 16.0.30413.136
MinimumVisualStudioVersion = 10.0.40219.1
Project("{FAE04EC0-301F-11D3-BF4B-00C04F79EFBC}") = "MemoryGame", "MemoryGame\MemoryGame.csproj", "{CA8878F4-0EDA-4538-A7A9-2C2C31028329}"
EndProject
Global
	GlobalSection(SolutionConfigurationPlatforms) = preSolution
		Debug|Any CPU = Debug|Any CPU
		Release|Any CPU = Release|Any CPU
	EndGlobalSection
	GlobalSection(ProjectConfigurationPlatforms) = postSolution
		{CA8878F4-0EDA-4538-A7A9-2C2C31028329}.Debug|Any CPU.ActiveCfg = Debug|Any CPU
		{CA8878F4-0EDA-4538-A7A9-2C2C31028329}.Debug|Any CPU.Build.0 = Debug|Any CPU
		{CA8878F4-0EDA-4538-A7A9-2C2C31028329}.Release|Any CPU.ActiveCfg = Release|Any CPU
		{CA8878F4-0EDA-4538-A7A9-2C2C31028329}.Release|Any CPU.Build.0 = Release|Any CPU
	EndGlobalSection
	GlobalSection(SolutionProperties) = preSolution
		HideSolutionNode = FALSE
	EndGlobalSection
	GlobalSection(ExtensibilityGlobals) = postSolution
		SolutionGuid = {20C4DB79-B333-47EA-9FA9-3D70D1F71D92}
	EndGlobalSection
EndGlobal
